
Microsoft Visual Studio Solution File, Format Version 12.00
# Visual Studio Version 16
VisualStudioVersion = 16.0.31424.327
MinimumVisualStudioVersion = 10.0.40219.1
Project("{FAE04EC0-301F-11D3-BF4B-00C04F79EFBC}") = "UnitTestExample", "UnitTestExample\UnitTestExample.csproj", "{F1FBDBB6-FEBA-421B-A647-484ED380E500}"
EndProject
Project("{FAE04EC0-301F-11D3-BF4B-00C04F79EFBC}") = "UnitTestExample.Test", "UnitTestExample.Test\UnitTestExample.Test.csproj", "{F60A2DC7-3398-43DD-B835-7946CFBE0A17}"
EndProject
Global
	GlobalSection(SolutionConfigurationPlatforms) = preSolution
		Debug|Any CPU = Debug|Any CPU
		Release|Any CPU = Release|Any CPU
	EndGlobalSection
	GlobalSection(ProjectConfigurationPlatforms) = postSolution
		{F1FBDBB6-FEBA-421B-A647-484ED380E500}.Debug|Any CPU.ActiveCfg = Debug|Any CPU
		{F1FBDBB6-FEBA-421B-A647-484ED380E500}.Debug|Any CPU.Build.0 = Debug|Any CPU
		{F1FBDBB6-FEBA-421B-A647-484ED380E500}.Release|Any CPU.ActiveCfg = Release|Any CPU
		{F1FBDBB6-FEBA-421B-A647-484ED380E500}.Release|Any CPU.Build.0 = Release|Any CPU
		{F60A2DC7-3398-43DD-B835-7946CFBE0A17}.Debug|Any CPU.ActiveCfg = Debug|Any CPU
		{F60A2DC7-3398-43DD-B835-7946CFBE0A17}.Debug|Any CPU.Build.0 = Debug|Any CPU
		{F60A2DC7-3398-43DD-B835-7946CFBE0A17}.Release|Any CPU.ActiveCfg = Release|Any CPU
		{F60A2DC7-3398-43DD-B835-7946CFBE0A17}.Release|Any CPU.Build.0 = Release|Any CPU
	EndGlobalSection
	GlobalSection(SolutionProperties) = preSolution
		HideSolutionNode = FALSE
	EndGlobalSection
	GlobalSection(ExtensibilityGlobals) = postSolution
		SolutionGuid = {FB0BD8FA-B3FD-406B-9751-9D4266A13E69}
	EndGlobalSection
EndGlobal
